
Microsoft Visual Studio Solution File, Format Version 12.00
# Visual Studio Version 16
VisualStudioVersion = 16.0.30717.126
MinimumVisualStudioVersion = 10.0.40219.1
Project("{9A19103F-16F7-4668-BE54-9A1E7A4F7556}") = "MD.ApiGateway", "MD.ApiGateway\MD.ApiGateway.csproj", "{11DC250F-EF0D-4091-B3B6-1677E8486316}"
EndProject
Project("{9A19103F-16F7-4668-BE54-9A1E7A4F7556}") = "MD.UtilsApiService", "MD.UtilsApiService\MD.UtilsApiService.csproj", "{49A75397-CAB6-48F9-B319-BA0DAE6FD84B}"
EndProject
Project("{FAE04EC0-301F-11D3-BF4B-00C04F79EFBC}") = "MD.ApiService.Test", "MD.ApiService.Test\MD.ApiService.Test.csproj", "{3E9AE7B3-F2C0-42FE-994B-602D20FF3334}"
EndProject
Global
	GlobalSection(SolutionConfigurationPlatforms) = preSolution
		Debug|Any CPU = Debug|Any CPU
		Release|Any CPU = Release|Any CPU
	EndGlobalSection
	GlobalSection(ProjectConfigurationPlatforms) = postSolution
		{11DC250F-EF0D-4091-B3B6-1677E8486316}.Debug|Any CPU.ActiveCfg = Debug|Any CPU
		{11DC250F-EF0D-4091-B3B6-1677E8486316}.Debug|Any CPU.Build.0 = Debug|Any CPU
		{11DC250F-EF0D-4091-B3B6-1677E8486316}.Release|Any CPU.ActiveCfg = Release|Any CPU
		{11DC250F-EF0D-4091-B3B6-1677E8486316}.Release|Any CPU.Build.0 = Release|Any CPU
		{49A75397-CAB6-48F9-B319-BA0DAE6FD84B}.Debug|Any CPU.ActiveCfg = Debug|Any CPU
		{49A75397-CAB6-48F9-B319-BA0DAE6FD84B}.Debug|Any CPU.Build.0 = Debug|Any CPU
		{49A75397-CAB6-48F9-B319-BA0DAE6FD84B}.Release|Any CPU.ActiveCfg = Release|Any CPU
		{49A75397-CAB6-48F9-B319-BA0DAE6FD84B}.Release|Any CPU.Build.0 = Release|Any CPU
		{3E9AE7B3-F2C0-42FE-994B-602D20FF3334}.Debug|Any CPU.ActiveCfg = Debug|Any CPU
		{3E9AE7B3-F2C0-42FE-994B-602D20FF3334}.Debug|Any CPU.Build.0 = Debug|Any CPU
		{3E9AE7B3-F2C0-42FE-994B-602D20FF3334}.Release|Any CPU.ActiveCfg = Release|Any CPU
		{3E9AE7B3-F2C0-42FE-994B-602D20FF3334}.Release|Any CPU.Build.0 = Release|Any CPU
	EndGlobalSection
	GlobalSection(SolutionProperties) = preSolution
		HideSolutionNode = FALSE
	EndGlobalSection
	GlobalSection(ExtensibilityGlobals) = postSolution
		SolutionGuid = {10383F2F-459F-449D-8EBC-8867DA27F8A0}
	EndGlobalSection
EndGlobal
